// !$*UTF8*$!
{
	archiveVersion = 1;
	classes = {
	};
	objectVersion = 51;
	objects = {

/* Begin PBXBuildFile section */
		94B6FC92003A9D914C1E3BF2 /* Pods_Ticker.framework in Frameworks */ = {isa = PBXBuildFile; fileRef = 8CED32F00840738605C69EDC /* Pods_Ticker.framework */; };
		EB11C97125C191C6009E128C /* AppDelegate.swift in Sources */ = {isa = PBXBuildFile; fileRef = EB11C97025C191C6009E128C /* AppDelegate.swift */; };
		EB11C97325C191C6009E128C /* SceneDelegate.swift in Sources */ = {isa = PBXBuildFile; fileRef = EB11C97225C191C6009E128C /* SceneDelegate.swift */; };
		EB11C97525C191C6009E128C /* TabBarViewController.swift in Sources */ = {isa = PBXBuildFile; fileRef = EB11C97425C191C6009E128C /* TabBarViewController.swift */; };
		EB11C97A25C191C7009E128C /* Assets.xcassets in Resources */ = {isa = PBXBuildFile; fileRef = EB11C97925C191C7009E128C /* Assets.xcassets */; };
		EB11C97D25C191C7009E128C /* LaunchScreen.storyboard in Resources */ = {isa = PBXBuildFile; fileRef = EB11C97B25C191C7009E128C /* LaunchScreen.storyboard */; };
		EB11C9A225C196C0009E128C /* HomePresenter.swift in Sources */ = {isa = PBXBuildFile; fileRef = EB11C99C25C196C0009E128C /* HomePresenter.swift */; };
		EB11C9A325C196C0009E128C /* HomeWorker.swift in Sources */ = {isa = PBXBuildFile; fileRef = EB11C99D25C196C0009E128C /* HomeWorker.swift */; };
		EB11C9A425C196C0009E128C /* HomeRouter.swift in Sources */ = {isa = PBXBuildFile; fileRef = EB11C99E25C196C0009E128C /* HomeRouter.swift */; };
		EB11C9A525C196C0009E128C /* HomeModels.swift in Sources */ = {isa = PBXBuildFile; fileRef = EB11C99F25C196C0009E128C /* HomeModels.swift */; };
		EB11C9A625C196C0009E128C /* HomeViewController.swift in Sources */ = {isa = PBXBuildFile; fileRef = EB11C9A025C196C0009E128C /* HomeViewController.swift */; };
		EB11C9A725C196C0009E128C /* HomeInteractor.swift in Sources */ = {isa = PBXBuildFile; fileRef = EB11C9A125C196C0009E128C /* HomeInteractor.swift */; };
		EB1C451F25FFE1FB005E86E0 /* ActionSheetController.swift in Sources */ = {isa = PBXBuildFile; fileRef = EB1C451E25FFE1FB005E86E0 /* ActionSheetController.swift */; };
		EB1C452325FFE2A6005E86E0 /* PanModal+Extensions.swift in Sources */ = {isa = PBXBuildFile; fileRef = EB1C452225FFE2A6005E86E0 /* PanModal+Extensions.swift */; };
		EB1C452625FFE5C0005E86E0 /* ActionSheetTitleDetailHeaderView.swift in Sources */ = {isa = PBXBuildFile; fileRef = EB1C452525FFE5C0005E86E0 /* ActionSheetTitleDetailHeaderView.swift */; };
		EB1E176225FFD30B00BEA1FA /* UIViewController+Extensions.swift in Sources */ = {isa = PBXBuildFile; fileRef = EB1E176125FFD30B00BEA1FA /* UIViewController+Extensions.swift */; };
		EB1E178D25FFD68D00BEA1FA /* ActionSheetAction.swift in Sources */ = {isa = PBXBuildFile; fileRef = EB1E178C25FFD68D00BEA1FA /* ActionSheetAction.swift */; };
		EB1E179825FFD8C000BEA1FA /* ActionSheetHeader.swift in Sources */ = {isa = PBXBuildFile; fileRef = EB1E179725FFD8C000BEA1FA /* ActionSheetHeader.swift */; };
		EB1E179C25FFD9D100BEA1FA /* ActionSheetTitleHeaderView.swift in Sources */ = {isa = PBXBuildFile; fileRef = EB1E179B25FFD9D100BEA1FA /* ActionSheetTitleHeaderView.swift */; };
		EB1E17A325FFE08300BEA1FA /* TMIconTitleButton.swift in Sources */ = {isa = PBXBuildFile; fileRef = EB1E17A225FFE08300BEA1FA /* TMIconTitleButton.swift */; };
		EB8E783E25C19B2B00883DFD /* UIColor+Extensions.swift in Sources */ = {isa = PBXBuildFile; fileRef = EB8E783D25C19B2B00883DFD /* UIColor+Extensions.swift */; };
		EB8E784325C19BAE00883DFD /* GoogleService-Info.plist in Resources */ = {isa = PBXBuildFile; fileRef = EB8E784225C19BAE00883DFD /* GoogleService-Info.plist */; };
		EBA337F425DD8A9500D12457 /* Article.swift in Sources */ = {isa = PBXBuildFile; fileRef = EBA337F325DD8A9500D12457 /* Article.swift */; };
		EBA337FE25DD8C5A00D12457 /* HomeViewControllerArticleCell.swift in Sources */ = {isa = PBXBuildFile; fileRef = EBA337FD25DD8C5A00D12457 /* HomeViewControllerArticleCell.swift */; };
		EBA3380325DD964E00D12457 /* CALayer+Extensions.swift in Sources */ = {isa = PBXBuildFile; fileRef = EBA3380225DD964E00D12457 /* CALayer+Extensions.swift */; };
		EBABAA3925E94F9500E78653 /* APIManagerProtocol.swift in Sources */ = {isa = PBXBuildFile; fileRef = EBABAA3825E94F9500E78653 /* APIManagerProtocol.swift */; };
		EBABAA3C25E94FA900E78653 /* APIManager.swift in Sources */ = {isa = PBXBuildFile; fileRef = EBABAA3B25E94FA900E78653 /* APIManager.swift */; };
		EBABAA3F25E9508200E78653 /* AlamofireDriver.swift in Sources */ = {isa = PBXBuildFile; fileRef = EBABAA3E25E9508200E78653 /* AlamofireDriver.swift */; };
		EBABAA4325E95BA900E78653 /* AppConfiguration.swift in Sources */ = {isa = PBXBuildFile; fileRef = EBABAA4225E95BA900E78653 /* AppConfiguration.swift */; };
		EBABAA4625E95C4500E78653 /* APIManagerConfigurator.swift in Sources */ = {isa = PBXBuildFile; fileRef = EBABAA4525E95C4500E78653 /* APIManagerConfigurator.swift */; };
		EBABAA4925E95CD100E78653 /* FirebaseConfigurator.swift in Sources */ = {isa = PBXBuildFile; fileRef = EBABAA4825E95CD100E78653 /* FirebaseConfigurator.swift */; };
		EBABAA4C25E984C600E78653 /* UIFont+Extensions.swift in Sources */ = {isa = PBXBuildFile; fileRef = EBABAA4B25E984C600E78653 /* UIFont+Extensions.swift */; };
		EBABAA5C25E985B900E78653 /* SanFranciscoDisplay-Heavy.otf in Resources */ = {isa = PBXBuildFile; fileRef = EBABAA4F25E985B900E78653 /* SanFranciscoDisplay-Heavy.otf */; };
		EBABAA5D25E985B900E78653 /* Roboto-Medium.ttf in Resources */ = {isa = PBXBuildFile; fileRef = EBABAA5025E985B900E78653 /* Roboto-Medium.ttf */; };
		EBABAA5E25E985B900E78653 /* SanFranciscoDisplay-Italic.otf in Resources */ = {isa = PBXBuildFile; fileRef = EBABAA5125E985B900E78653 /* SanFranciscoDisplay-Italic.otf */; };
		EBABAA5F25E985B900E78653 /* Roboto-Regular.ttf in Resources */ = {isa = PBXBuildFile; fileRef = EBABAA5225E985B900E78653 /* Roboto-Regular.ttf */; };
		EBABAA6025E985B900E78653 /* SanFranciscoDisplay-Light.otf in Resources */ = {isa = PBXBuildFile; fileRef = EBABAA5325E985B900E78653 /* SanFranciscoDisplay-Light.otf */; };
		EBABAA6125E985B900E78653 /* SanFranciscoDisplay-Regular.otf in Resources */ = {isa = PBXBuildFile; fileRef = EBABAA5425E985B900E78653 /* SanFranciscoDisplay-Regular.otf */; };
		EBABAA6225E985B900E78653 /* SanFranciscoDisplay-Black.otf in Resources */ = {isa = PBXBuildFile; fileRef = EBABAA5525E985B900E78653 /* SanFranciscoDisplay-Black.otf */; };
		EBABAA6325E985B900E78653 /* SanFranciscoDisplay-Bold.otf in Resources */ = {isa = PBXBuildFile; fileRef = EBABAA5625E985B900E78653 /* SanFranciscoDisplay-Bold.otf */; };
		EBABAA6425E985B900E78653 /* SanFranciscoDisplay-Thin.otf in Resources */ = {isa = PBXBuildFile; fileRef = EBABAA5725E985B900E78653 /* SanFranciscoDisplay-Thin.otf */; };
		EBABAA6525E985B900E78653 /* SanFranciscoDisplay-Medium.otf in Resources */ = {isa = PBXBuildFile; fileRef = EBABAA5825E985B900E78653 /* SanFranciscoDisplay-Medium.otf */; };
		EBABAA6625E985B900E78653 /* Roboto-Bold.ttf in Resources */ = {isa = PBXBuildFile; fileRef = EBABAA5925E985B900E78653 /* Roboto-Bold.ttf */; };
		EBABAA6725E985B900E78653 /* Roboto-Black.ttf in Resources */ = {isa = PBXBuildFile; fileRef = EBABAA5A25E985B900E78653 /* Roboto-Black.ttf */; };
		EBABAA6825E985B900E78653 /* SanFranciscoDisplay-Semibold.otf in Resources */ = {isa = PBXBuildFile; fileRef = EBABAA5B25E985B900E78653 /* SanFranciscoDisplay-Semibold.otf */; };
		EBB48CDB25EBEE2B0042CC6F /* UIImage+Extensions.swift in Sources */ = {isa = PBXBuildFile; fileRef = EBB48CDA25EBEE2B0042CC6F /* UIImage+Extensions.swift */; };
		EBB830EF2676751A0071D971 /* SavedArticlesPresenter.swift in Sources */ = {isa = PBXBuildFile; fileRef = EBB830E92676751A0071D971 /* SavedArticlesPresenter.swift */; };
		EBB830F02676751A0071D971 /* SavedArticlesWorker.swift in Sources */ = {isa = PBXBuildFile; fileRef = EBB830EA2676751A0071D971 /* SavedArticlesWorker.swift */; };
		EBB830F12676751A0071D971 /* SavedArticlesRouter.swift in Sources */ = {isa = PBXBuildFile; fileRef = EBB830EB2676751A0071D971 /* SavedArticlesRouter.swift */; };
		EBB830F22676751A0071D971 /* SavedArticlesModels.swift in Sources */ = {isa = PBXBuildFile; fileRef = EBB830EC2676751A0071D971 /* SavedArticlesModels.swift */; };
		EBB830F32676751A0071D971 /* SavedArticlesViewController.swift in Sources */ = {isa = PBXBuildFile; fileRef = EBB830ED2676751A0071D971 /* SavedArticlesViewController.swift */; };
		EBB830F42676751A0071D971 /* SavedArticlesInteractor.swift in Sources */ = {isa = PBXBuildFile; fileRef = EBB830EE2676751A0071D971 /* SavedArticlesInteractor.swift */; };
		EBB830F6267695EF0071D971 /* UserDefaults+Extensions.swift in Sources */ = {isa = PBXBuildFile; fileRef = EBB830F5267695EF0071D971 /* UserDefaults+Extensions.swift */; };
		EBCCFA7F260273BC008572E3 /* SettingsTableViewCell.swift in Sources */ = {isa = PBXBuildFile; fileRef = EBCCFA7E260273BC008572E3 /* SettingsTableViewCell.swift */; };
		EBCCFA82260275AA008572E3 /* SettingsTableViewHeader.swift in Sources */ = {isa = PBXBuildFile; fileRef = EBCCFA81260275AA008572E3 /* SettingsTableViewHeader.swift */; };
		EBCF795425DD32E400043559 /* UIWindow+Extensions.swift in Sources */ = {isa = PBXBuildFile; fileRef = EBCF795325DD32E400043559 /* UIWindow+Extensions.swift */; };
		EBCF795F25DD3D5100043559 /* SettingsPresenter.swift in Sources */ = {isa = PBXBuildFile; fileRef = EBCF795925DD3D5100043559 /* SettingsPresenter.swift */; };
		EBCF796025DD3D5100043559 /* SettingsWorker.swift in Sources */ = {isa = PBXBuildFile; fileRef = EBCF795A25DD3D5100043559 /* SettingsWorker.swift */; };
		EBCF796125DD3D5100043559 /* SettingsRouter.swift in Sources */ = {isa = PBXBuildFile; fileRef = EBCF795B25DD3D5100043559 /* SettingsRouter.swift */; };
		EBCF796225DD3D5100043559 /* SettingsModels.swift in Sources */ = {isa = PBXBuildFile; fileRef = EBCF795C25DD3D5100043559 /* SettingsModels.swift */; };
		EBCF796325DD3D5100043559 /* SettingsViewController.swift in Sources */ = {isa = PBXBuildFile; fileRef = EBCF795D25DD3D5100043559 /* SettingsViewController.swift */; };
		EBCF796425DD3D5100043559 /* SettingsInteractor.swift in Sources */ = {isa = PBXBuildFile; fileRef = EBCF795E25DD3D5100043559 /* SettingsInteractor.swift */; };
		EBD849DC25DDA7FE0055805C /* UIView+Extensions.swift in Sources */ = {isa = PBXBuildFile; fileRef = EBD849DB25DDA7FE0055805C /* UIView+Extensions.swift */; };
/* End PBXBuildFile section */

/* Begin PBXFileReference section */
		271A4E4A2A524327FF65F202 /* Pods-Ticker.release.xcconfig */ = {isa = PBXFileReference; includeInIndex = 1; lastKnownFileType = text.xcconfig; name = "Pods-Ticker.release.xcconfig"; path = "Target Support Files/Pods-Ticker/Pods-Ticker.release.xcconfig"; sourceTree = "<group>"; };
		53089280BC1B6BF46AEC5F67 /* Pods-Ticker.debug.xcconfig */ = {isa = PBXFileReference; includeInIndex = 1; lastKnownFileType = text.xcconfig; name = "Pods-Ticker.debug.xcconfig"; path = "Target Support Files/Pods-Ticker/Pods-Ticker.debug.xcconfig"; sourceTree = "<group>"; };
		8CED32F00840738605C69EDC /* Pods_Ticker.framework */ = {isa = PBXFileReference; explicitFileType = wrapper.framework; includeInIndex = 0; path = Pods_Ticker.framework; sourceTree = BUILT_PRODUCTS_DIR; };
		EB11C96D25C191C6009E128C /* Ticker.app */ = {isa = PBXFileReference; explicitFileType = wrapper.application; includeInIndex = 0; path = Ticker.app; sourceTree = BUILT_PRODUCTS_DIR; };
		EB11C97025C191C6009E128C /* AppDelegate.swift */ = {isa = PBXFileReference; lastKnownFileType = sourcecode.swift; path = AppDelegate.swift; sourceTree = "<group>"; };
		EB11C97225C191C6009E128C /* SceneDelegate.swift */ = {isa = PBXFileReference; lastKnownFileType = sourcecode.swift; path = SceneDelegate.swift; sourceTree = "<group>"; };
		EB11C97425C191C6009E128C /* TabBarViewController.swift */ = {isa = PBXFileReference; lastKnownFileType = sourcecode.swift; path = TabBarViewController.swift; sourceTree = "<group>"; };
		EB11C97925C191C7009E128C /* Assets.xcassets */ = {isa = PBXFileReference; lastKnownFileType = folder.assetcatalog; path = Assets.xcassets; sourceTree = "<group>"; };
		EB11C97C25C191C7009E128C /* Base */ = {isa = PBXFileReference; lastKnownFileType = file.storyboard; name = Base; path = Base.lproj/LaunchScreen.storyboard; sourceTree = "<group>"; };
		EB11C97E25C191C7009E128C /* Info.plist */ = {isa = PBXFileReference; lastKnownFileType = text.plist.xml; path = Info.plist; sourceTree = "<group>"; };
		EB11C99C25C196C0009E128C /* HomePresenter.swift */ = {isa = PBXFileReference; lastKnownFileType = sourcecode.swift; path = HomePresenter.swift; sourceTree = "<group>"; };
		EB11C99D25C196C0009E128C /* HomeWorker.swift */ = {isa = PBXFileReference; lastKnownFileType = sourcecode.swift; path = HomeWorker.swift; sourceTree = "<group>"; };
		EB11C99E25C196C0009E128C /* HomeRouter.swift */ = {isa = PBXFileReference; lastKnownFileType = sourcecode.swift; path = HomeRouter.swift; sourceTree = "<group>"; };
		EB11C99F25C196C0009E128C /* HomeModels.swift */ = {isa = PBXFileReference; lastKnownFileType = sourcecode.swift; path = HomeModels.swift; sourceTree = "<group>"; };
		EB11C9A025C196C0009E128C /* HomeViewController.swift */ = {isa = PBXFileReference; lastKnownFileType = sourcecode.swift; path = HomeViewController.swift; sourceTree = "<group>"; };
		EB11C9A125C196C0009E128C /* HomeInteractor.swift */ = {isa = PBXFileReference; lastKnownFileType = sourcecode.swift; path = HomeInteractor.swift; sourceTree = "<group>"; };
		EB1C451E25FFE1FB005E86E0 /* ActionSheetController.swift */ = {isa = PBXFileReference; fileEncoding = 4; lastKnownFileType = sourcecode.swift; path = ActionSheetController.swift; sourceTree = "<group>"; };
		EB1C452225FFE2A6005E86E0 /* PanModal+Extensions.swift */ = {isa = PBXFileReference; lastKnownFileType = sourcecode.swift; path = "PanModal+Extensions.swift"; sourceTree = "<group>"; };
		EB1C452525FFE5C0005E86E0 /* ActionSheetTitleDetailHeaderView.swift */ = {isa = PBXFileReference; lastKnownFileType = sourcecode.swift; path = ActionSheetTitleDetailHeaderView.swift; sourceTree = "<group>"; };
		EB1E176125FFD30B00BEA1FA /* UIViewController+Extensions.swift */ = {isa = PBXFileReference; lastKnownFileType = sourcecode.swift; path = "UIViewController+Extensions.swift"; sourceTree = "<group>"; };
		EB1E178C25FFD68D00BEA1FA /* ActionSheetAction.swift */ = {isa = PBXFileReference; lastKnownFileType = sourcecode.swift; path = ActionSheetAction.swift; sourceTree = "<group>"; };
		EB1E179725FFD8C000BEA1FA /* ActionSheetHeader.swift */ = {isa = PBXFileReference; lastKnownFileType = sourcecode.swift; path = ActionSheetHeader.swift; sourceTree = "<group>"; };
		EB1E179B25FFD9D100BEA1FA /* ActionSheetTitleHeaderView.swift */ = {isa = PBXFileReference; lastKnownFileType = sourcecode.swift; path = ActionSheetTitleHeaderView.swift; sourceTree = "<group>"; };
		EB1E17A225FFE08300BEA1FA /* TMIconTitleButton.swift */ = {isa = PBXFileReference; fileEncoding = 4; lastKnownFileType = sourcecode.swift; path = TMIconTitleButton.swift; sourceTree = "<group>"; };
		EB8E783D25C19B2B00883DFD /* UIColor+Extensions.swift */ = {isa = PBXFileReference; fileEncoding = 4; lastKnownFileType = sourcecode.swift; path = "UIColor+Extensions.swift"; sourceTree = "<group>"; };
		EB8E784225C19BAE00883DFD /* GoogleService-Info.plist */ = {isa = PBXFileReference; fileEncoding = 4; lastKnownFileType = text.plist.xml; path = "GoogleService-Info.plist"; sourceTree = "<group>"; };
		EBA337F325DD8A9500D12457 /* Article.swift */ = {isa = PBXFileReference; lastKnownFileType = sourcecode.swift; path = Article.swift; sourceTree = "<group>"; };
		EBA337FD25DD8C5A00D12457 /* HomeViewControllerArticleCell.swift */ = {isa = PBXFileReference; lastKnownFileType = sourcecode.swift; path = HomeViewControllerArticleCell.swift; sourceTree = "<group>"; };
		EBA3380225DD964E00D12457 /* CALayer+Extensions.swift */ = {isa = PBXFileReference; lastKnownFileType = sourcecode.swift; path = "CALayer+Extensions.swift"; sourceTree = "<group>"; };
		EBABAA3825E94F9500E78653 /* APIManagerProtocol.swift */ = {isa = PBXFileReference; lastKnownFileType = sourcecode.swift; path = APIManagerProtocol.swift; sourceTree = "<group>"; };
		EBABAA3B25E94FA900E78653 /* APIManager.swift */ = {isa = PBXFileReference; lastKnownFileType = sourcecode.swift; path = APIManager.swift; sourceTree = "<group>"; };
		EBABAA3E25E9508200E78653 /* AlamofireDriver.swift */ = {isa = PBXFileReference; lastKnownFileType = sourcecode.swift; path = AlamofireDriver.swift; sourceTree = "<group>"; };
		EBABAA4225E95BA900E78653 /* AppConfiguration.swift */ = {isa = PBXFileReference; lastKnownFileType = sourcecode.swift; path = AppConfiguration.swift; sourceTree = "<group>"; };
		EBABAA4525E95C4500E78653 /* APIManagerConfigurator.swift */ = {isa = PBXFileReference; lastKnownFileType = sourcecode.swift; path = APIManagerConfigurator.swift; sourceTree = "<group>"; };
		EBABAA4825E95CD100E78653 /* FirebaseConfigurator.swift */ = {isa = PBXFileReference; lastKnownFileType = sourcecode.swift; path = FirebaseConfigurator.swift; sourceTree = "<group>"; };
		EBABAA4B25E984C600E78653 /* UIFont+Extensions.swift */ = {isa = PBXFileReference; lastKnownFileType = sourcecode.swift; path = "UIFont+Extensions.swift"; sourceTree = "<group>"; };
		EBABAA4F25E985B900E78653 /* SanFranciscoDisplay-Heavy.otf */ = {isa = PBXFileReference; lastKnownFileType = file; path = "SanFranciscoDisplay-Heavy.otf"; sourceTree = "<group>"; };
		EBABAA5025E985B900E78653 /* Roboto-Medium.ttf */ = {isa = PBXFileReference; lastKnownFileType = file; path = "Roboto-Medium.ttf"; sourceTree = "<group>"; };
		EBABAA5125E985B900E78653 /* SanFranciscoDisplay-Italic.otf */ = {isa = PBXFileReference; lastKnownFileType = file; path = "SanFranciscoDisplay-Italic.otf"; sourceTree = "<group>"; };
		EBABAA5225E985B900E78653 /* Roboto-Regular.ttf */ = {isa = PBXFileReference; lastKnownFileType = file; path = "Roboto-Regular.ttf"; sourceTree = "<group>"; };
		EBABAA5325E985B900E78653 /* SanFranciscoDisplay-Light.otf */ = {isa = PBXFileReference; lastKnownFileType = file; path = "SanFranciscoDisplay-Light.otf"; sourceTree = "<group>"; };
		EBABAA5425E985B900E78653 /* SanFranciscoDisplay-Regular.otf */ = {isa = PBXFileReference; lastKnownFileType = file; path = "SanFranciscoDisplay-Regular.otf"; sourceTree = "<group>"; };
		EBABAA5525E985B900E78653 /* SanFranciscoDisplay-Black.otf */ = {isa = PBXFileReference; lastKnownFileType = file; path = "SanFranciscoDisplay-Black.otf"; sourceTree = "<group>"; };
		EBABAA5625E985B900E78653 /* SanFranciscoDisplay-Bold.otf */ = {isa = PBXFileReference; lastKnownFileType = file; path = "SanFranciscoDisplay-Bold.otf"; sourceTree = "<group>"; };
		EBABAA5725E985B900E78653 /* SanFranciscoDisplay-Thin.otf */ = {isa = PBXFileReference; lastKnownFileType = file; path = "SanFranciscoDisplay-Thin.otf"; sourceTree = "<group>"; };
		EBABAA5825E985B900E78653 /* SanFranciscoDisplay-Medium.otf */ = {isa = PBXFileReference; lastKnownFileType = file; path = "SanFranciscoDisplay-Medium.otf"; sourceTree = "<group>"; };
		EBABAA5925E985B900E78653 /* Roboto-Bold.ttf */ = {isa = PBXFileReference; lastKnownFileType = file; path = "Roboto-Bold.ttf"; sourceTree = "<group>"; };
		EBABAA5A25E985B900E78653 /* Roboto-Black.ttf */ = {isa = PBXFileReference; lastKnownFileType = file; path = "Roboto-Black.ttf"; sourceTree = "<group>"; };
		EBABAA5B25E985B900E78653 /* SanFranciscoDisplay-Semibold.otf */ = {isa = PBXFileReference; lastKnownFileType = file; path = "SanFranciscoDisplay-Semibold.otf"; sourceTree = "<group>"; };
		EBB48CDA25EBEE2B0042CC6F /* UIImage+Extensions.swift */ = {isa = PBXFileReference; lastKnownFileType = sourcecode.swift; path = "UIImage+Extensions.swift"; sourceTree = "<group>"; };
		EBB830E92676751A0071D971 /* SavedArticlesPresenter.swift */ = {isa = PBXFileReference; lastKnownFileType = sourcecode.swift; path = SavedArticlesPresenter.swift; sourceTree = "<group>"; };
		EBB830EA2676751A0071D971 /* SavedArticlesWorker.swift */ = {isa = PBXFileReference; lastKnownFileType = sourcecode.swift; path = SavedArticlesWorker.swift; sourceTree = "<group>"; };
		EBB830EB2676751A0071D971 /* SavedArticlesRouter.swift */ = {isa = PBXFileReference; lastKnownFileType = sourcecode.swift; path = SavedArticlesRouter.swift; sourceTree = "<group>"; };
		EBB830EC2676751A0071D971 /* SavedArticlesModels.swift */ = {isa = PBXFileReference; lastKnownFileType = sourcecode.swift; path = SavedArticlesModels.swift; sourceTree = "<group>"; };
		EBB830ED2676751A0071D971 /* SavedArticlesViewController.swift */ = {isa = PBXFileReference; lastKnownFileType = sourcecode.swift; path = SavedArticlesViewController.swift; sourceTree = "<group>"; };
		EBB830EE2676751A0071D971 /* SavedArticlesInteractor.swift */ = {isa = PBXFileReference; lastKnownFileType = sourcecode.swift; path = SavedArticlesInteractor.swift; sourceTree = "<group>"; };
		EBB830F5267695EF0071D971 /* UserDefaults+Extensions.swift */ = {isa = PBXFileReference; fileEncoding = 4; lastKnownFileType = sourcecode.swift; path = "UserDefaults+Extensions.swift"; sourceTree = "<group>"; };
		EBCCFA7E260273BC008572E3 /* SettingsTableViewCell.swift */ = {isa = PBXFileReference; lastKnownFileType = sourcecode.swift; path = SettingsTableViewCell.swift; sourceTree = "<group>"; };
		EBCCFA81260275AA008572E3 /* SettingsTableViewHeader.swift */ = {isa = PBXFileReference; lastKnownFileType = sourcecode.swift; path = SettingsTableViewHeader.swift; sourceTree = "<group>"; };
		EBCF795325DD32E400043559 /* UIWindow+Extensions.swift */ = {isa = PBXFileReference; lastKnownFileType = sourcecode.swift; path = "UIWindow+Extensions.swift"; sourceTree = "<group>"; };
		EBCF795925DD3D5100043559 /* SettingsPresenter.swift */ = {isa = PBXFileReference; lastKnownFileType = sourcecode.swift; path = SettingsPresenter.swift; sourceTree = "<group>"; };
		EBCF795A25DD3D5100043559 /* SettingsWorker.swift */ = {isa = PBXFileReference; lastKnownFileType = sourcecode.swift; path = SettingsWorker.swift; sourceTree = "<group>"; };
		EBCF795B25DD3D5100043559 /* SettingsRouter.swift */ = {isa = PBXFileReference; lastKnownFileType = sourcecode.swift; path = SettingsRouter.swift; sourceTree = "<group>"; };
		EBCF795C25DD3D5100043559 /* SettingsModels.swift */ = {isa = PBXFileReference; lastKnownFileType = sourcecode.swift; path = SettingsModels.swift; sourceTree = "<group>"; };
		EBCF795D25DD3D5100043559 /* SettingsViewController.swift */ = {isa = PBXFileReference; lastKnownFileType = sourcecode.swift; path = SettingsViewController.swift; sourceTree = "<group>"; };
		EBCF795E25DD3D5100043559 /* SettingsInteractor.swift */ = {isa = PBXFileReference; lastKnownFileType = sourcecode.swift; path = SettingsInteractor.swift; sourceTree = "<group>"; };
		EBD849DB25DDA7FE0055805C /* UIView+Extensions.swift */ = {isa = PBXFileReference; lastKnownFileType = sourcecode.swift; path = "UIView+Extensions.swift"; sourceTree = "<group>"; };
/* End PBXFileReference section */

/* Begin PBXFrameworksBuildPhase section */
		EB11C96A25C191C6009E128C /* Frameworks */ = {
			isa = PBXFrameworksBuildPhase;
			buildActionMask = 2147483647;
			files = (
				94B6FC92003A9D914C1E3BF2 /* Pods_Ticker.framework in Frameworks */,
			);
			runOnlyForDeploymentPostprocessing = 0;
		};
/* End PBXFrameworksBuildPhase section */

/* Begin PBXGroup section */
		BB3F49C15CA1CC8A8E13C49E /* Pods */ = {
			isa = PBXGroup;
			children = (
				53089280BC1B6BF46AEC5F67 /* Pods-Ticker.debug.xcconfig */,
				271A4E4A2A524327FF65F202 /* Pods-Ticker.release.xcconfig */,
			);
			path = Pods;
			sourceTree = "<group>";
		};
		EB11C96425C191C6009E128C = {
			isa = PBXGroup;
			children = (
				EB11C96F25C191C6009E128C /* Ticker */,
				EB11C96E25C191C6009E128C /* Products */,
				BB3F49C15CA1CC8A8E13C49E /* Pods */,
				F050B2EB6F2D9AABC1075336 /* Frameworks */,
			);
			sourceTree = "<group>";
		};
		EB11C96E25C191C6009E128C /* Products */ = {
			isa = PBXGroup;
			children = (
				EB11C96D25C191C6009E128C /* Ticker.app */,
			);
			name = Products;
			sourceTree = "<group>";
		};
		EB11C96F25C191C6009E128C /* Ticker */ = {
			isa = PBXGroup;
			children = (
				EB11C97025C191C6009E128C /* AppDelegate.swift */,
				EB11C97225C191C6009E128C /* SceneDelegate.swift */,
				EB11C97425C191C6009E128C /* TabBarViewController.swift */,
				EBABAA4125E95B8F00E78653 /* AppConfiguration */,
				EBABAA3525E94F6D00E78653 /* Managers */,
				EBA337F225DD8A8500D12457 /* Models */,
				EBCF796625DD3D5900043559 /* SettingsViewController */,
				EB11C98925C19474009E128C /* HomeViewController */,
				EBB830DC267672370071D971 /* SavedArticlesViewController */,
				EBCF797C25DD855400043559 /* Custom views */,
				EB8E784025C19B6600883DFD /* Extensions */,
				EBABAA4E25E985B900E78653 /* Fonts */,
				EB11C97925C191C7009E128C /* Assets.xcassets */,
				EB11C97B25C191C7009E128C /* LaunchScreen.storyboard */,
				EB11C97E25C191C7009E128C /* Info.plist */,
				EB8E784225C19BAE00883DFD /* GoogleService-Info.plist */,
			);
			path = Ticker;
			sourceTree = "<group>";
		};
		EB11C98925C19474009E128C /* HomeViewController */ = {
			isa = PBXGroup;
			children = (
				EB11C99C25C196C0009E128C /* HomePresenter.swift */,
				EB11C99D25C196C0009E128C /* HomeWorker.swift */,
				EB11C99E25C196C0009E128C /* HomeRouter.swift */,
				EB11C99F25C196C0009E128C /* HomeModels.swift */,
				EB11C9A025C196C0009E128C /* HomeViewController.swift */,
				EB11C9A125C196C0009E128C /* HomeInteractor.swift */,
				EBA3380025DD8C6000D12457 /* Custom Views */,
			);
			path = HomeViewController;
			sourceTree = "<group>";
		};
		EB1E178F25FFD84200BEA1FA /* ActionSheet */ = {
			isa = PBXGroup;
			children = (
				EB1E179225FFD86300BEA1FA /* ActionSheetHeaders */,
				EB1E178C25FFD68D00BEA1FA /* ActionSheetAction.swift */,
				EB1E17A225FFE08300BEA1FA /* TMIconTitleButton.swift */,
				EB1C451E25FFE1FB005E86E0 /* ActionSheetController.swift */,
			);
			path = ActionSheet;
			sourceTree = "<group>";
		};
		EB1E179225FFD86300BEA1FA /* ActionSheetHeaders */ = {
			isa = PBXGroup;
			children = (
				EB1E179725FFD8C000BEA1FA /* ActionSheetHeader.swift */,
				EB1E179B25FFD9D100BEA1FA /* ActionSheetTitleHeaderView.swift */,
				EB1C452525FFE5C0005E86E0 /* ActionSheetTitleDetailHeaderView.swift */,
			);
			path = ActionSheetHeaders;
			sourceTree = "<group>";
		};
		EB8E784025C19B6600883DFD /* Extensions */ = {
			isa = PBXGroup;
			children = (
				EB8E783D25C19B2B00883DFD /* UIColor+Extensions.swift */,
				EBCF795325DD32E400043559 /* UIWindow+Extensions.swift */,
				EBB830F5267695EF0071D971 /* UserDefaults+Extensions.swift */,
				EBA3380225DD964E00D12457 /* CALayer+Extensions.swift */,
				EBD849DB25DDA7FE0055805C /* UIView+Extensions.swift */,
				EBABAA4B25E984C600E78653 /* UIFont+Extensions.swift */,
				EBB48CDA25EBEE2B0042CC6F /* UIImage+Extensions.swift */,
				EB1E176125FFD30B00BEA1FA /* UIViewController+Extensions.swift */,
				EB1C452225FFE2A6005E86E0 /* PanModal+Extensions.swift */,
			);
			path = Extensions;
			sourceTree = "<group>";
		};
		EBA337F225DD8A8500D12457 /* Models */ = {
			isa = PBXGroup;
			children = (
				EBA337F325DD8A9500D12457 /* Article.swift */,
			);
			path = Models;
			sourceTree = "<group>";
		};
		EBA3380025DD8C6000D12457 /* Custom Views */ = {
			isa = PBXGroup;
			children = (
				EBA337FD25DD8C5A00D12457 /* HomeViewControllerArticleCell.swift */,
			);
			path = "Custom Views";
			sourceTree = "<group>";
		};
		EBABAA3525E94F6D00E78653 /* Managers */ = {
			isa = PBXGroup;
			children = (
				EBABAA3625E94F7A00E78653 /* APIManager */,
			);
			path = Managers;
			sourceTree = "<group>";
		};
		EBABAA3625E94F7A00E78653 /* APIManager */ = {
			isa = PBXGroup;
			children = (
				EBABAA3725E94F8300E78653 /* Drivers */,
				EBABAA3825E94F9500E78653 /* APIManagerProtocol.swift */,
				EBABAA3B25E94FA900E78653 /* APIManager.swift */,
			);
			path = APIManager;
			sourceTree = "<group>";
		};
		EBABAA3725E94F8300E78653 /* Drivers */ = {
			isa = PBXGroup;
			children = (
				EBABAA3E25E9508200E78653 /* AlamofireDriver.swift */,
			);
			path = Drivers;
			sourceTree = "<group>";
		};
		EBABAA4125E95B8F00E78653 /* AppConfiguration */ = {
			isa = PBXGroup;
			children = (
				EBABAA4225E95BA900E78653 /* AppConfiguration.swift */,
				EBABAA4525E95C4500E78653 /* APIManagerConfigurator.swift */,
				EBABAA4825E95CD100E78653 /* FirebaseConfigurator.swift */,
			);
			path = AppConfiguration;
			sourceTree = "<group>";
		};
		EBABAA4E25E985B900E78653 /* Fonts */ = {
			isa = PBXGroup;
			children = (
				EBABAA4F25E985B900E78653 /* SanFranciscoDisplay-Heavy.otf */,
				EBABAA5025E985B900E78653 /* Roboto-Medium.ttf */,
				EBABAA5125E985B900E78653 /* SanFranciscoDisplay-Italic.otf */,
				EBABAA5225E985B900E78653 /* Roboto-Regular.ttf */,
				EBABAA5325E985B900E78653 /* SanFranciscoDisplay-Light.otf */,
				EBABAA5425E985B900E78653 /* SanFranciscoDisplay-Regular.otf */,
				EBABAA5525E985B900E78653 /* SanFranciscoDisplay-Black.otf */,
				EBABAA5625E985B900E78653 /* SanFranciscoDisplay-Bold.otf */,
				EBABAA5725E985B900E78653 /* SanFranciscoDisplay-Thin.otf */,
				EBABAA5825E985B900E78653 /* SanFranciscoDisplay-Medium.otf */,
				EBABAA5925E985B900E78653 /* Roboto-Bold.ttf */,
				EBABAA5A25E985B900E78653 /* Roboto-Black.ttf */,
				EBABAA5B25E985B900E78653 /* SanFranciscoDisplay-Semibold.otf */,
			);
			path = Fonts;
			sourceTree = "<group>";
		};
		EBB830DC267672370071D971 /* SavedArticlesViewController */ = {
			isa = PBXGroup;
			children = (
				EBB830E92676751A0071D971 /* SavedArticlesPresenter.swift */,
				EBB830EA2676751A0071D971 /* SavedArticlesWorker.swift */,
				EBB830EB2676751A0071D971 /* SavedArticlesRouter.swift */,
				EBB830EC2676751A0071D971 /* SavedArticlesModels.swift */,
				EBB830ED2676751A0071D971 /* SavedArticlesViewController.swift */,
				EBB830EE2676751A0071D971 /* SavedArticlesInteractor.swift */,
			);
			path = SavedArticlesViewController;
			sourceTree = "<group>";
		};
		EBCCFA7C26027308008572E3 /* Custom Views */ = {
			isa = PBXGroup;
			children = (
				EBCCFA7E260273BC008572E3 /* SettingsTableViewCell.swift */,
				EBCCFA81260275AA008572E3 /* SettingsTableViewHeader.swift */,
			);
			path = "Custom Views";
			sourceTree = "<group>";
		};
		EBCF796625DD3D5900043559 /* SettingsViewController */ = {
			isa = PBXGroup;
			children = (
				EBCF795925DD3D5100043559 /* SettingsPresenter.swift */,
				EBCF795A25DD3D5100043559 /* SettingsWorker.swift */,
				EBCF795B25DD3D5100043559 /* SettingsRouter.swift */,
				EBCF795C25DD3D5100043559 /* SettingsModels.swift */,
				EBCF795D25DD3D5100043559 /* SettingsViewController.swift */,
				EBCF795E25DD3D5100043559 /* SettingsInteractor.swift */,
				EBCCFA7C26027308008572E3 /* Custom Views */,
			);
			path = SettingsViewController;
			sourceTree = "<group>";
		};
		EBCF797C25DD855400043559 /* Custom views */ = {
			isa = PBXGroup;
			children = (
				EB1E178F25FFD84200BEA1FA /* ActionSheet */,
			);
			path = "Custom views";
			sourceTree = "<group>";
		};
		F050B2EB6F2D9AABC1075336 /* Frameworks */ = {
			isa = PBXGroup;
			children = (
				8CED32F00840738605C69EDC /* Pods_Ticker.framework */,
			);
			name = Frameworks;
			sourceTree = "<group>";
		};
/* End PBXGroup section */

/* Begin PBXNativeTarget section */
		EB11C96C25C191C6009E128C /* Ticker */ = {
			isa = PBXNativeTarget;
			buildConfigurationList = EB11C98125C191C7009E128C /* Build configuration list for PBXNativeTarget "Ticker" */;
			buildPhases = (
				9D85698D047F194E82F38F4E /* [CP] Check Pods Manifest.lock */,
				EB11C96925C191C6009E128C /* Sources */,
				EB11C96A25C191C6009E128C /* Frameworks */,
				EB11C96B25C191C6009E128C /* Resources */,
				EB8E785F25C19D0E00883DFD /* ShellScript */,
				C9EEDF52672A10D084FE4897 /* [CP] Embed Pods Frameworks */,
			);
			buildRules = (
			);
			dependencies = (
			);
			name = Ticker;
			productName = Ticker;
			productReference = EB11C96D25C191C6009E128C /* Ticker.app */;
			productType = "com.apple.product-type.application";
		};
/* End PBXNativeTarget section */

/* Begin PBXProject section */
		EB11C96525C191C6009E128C /* Project object */ = {
			isa = PBXProject;
			attributes = {
				LastSwiftUpdateCheck = 1230;
				LastUpgradeCheck = 1230;
				TargetAttributes = {
					EB11C96C25C191C6009E128C = {
						CreatedOnToolsVersion = 12.3;
					};
				};
			};
			buildConfigurationList = EB11C96825C191C6009E128C /* Build configuration list for PBXProject "Ticker" */;
			compatibilityVersion = "Xcode 9.3";
			developmentRegion = en;
			hasScannedForEncodings = 0;
			knownRegions = (
				en,
				Base,
			);
			mainGroup = EB11C96425C191C6009E128C;
			productRefGroup = EB11C96E25C191C6009E128C /* Products */;
			projectDirPath = "";
			projectRoot = "";
			targets = (
				EB11C96C25C191C6009E128C /* Ticker */,
			);
		};
/* End PBXProject section */

/* Begin PBXResourcesBuildPhase section */
		EB11C96B25C191C6009E128C /* Resources */ = {
			isa = PBXResourcesBuildPhase;
			buildActionMask = 2147483647;
			files = (
				EBABAA6625E985B900E78653 /* Roboto-Bold.ttf in Resources */,
				EBABAA6225E985B900E78653 /* SanFranciscoDisplay-Black.otf in Resources */,
				EBABAA6725E985B900E78653 /* Roboto-Black.ttf in Resources */,
				EBABAA5D25E985B900E78653 /* Roboto-Medium.ttf in Resources */,
				EBABAA6025E985B900E78653 /* SanFranciscoDisplay-Light.otf in Resources */,
				EBABAA6425E985B900E78653 /* SanFranciscoDisplay-Thin.otf in Resources */,
				EBABAA6825E985B900E78653 /* SanFranciscoDisplay-Semibold.otf in Resources */,
				EBABAA5F25E985B900E78653 /* Roboto-Regular.ttf in Resources */,
				EB11C97D25C191C7009E128C /* LaunchScreen.storyboard in Resources */,
				EBABAA6525E985B900E78653 /* SanFranciscoDisplay-Medium.otf in Resources */,
				EB11C97A25C191C7009E128C /* Assets.xcassets in Resources */,
				EBABAA5C25E985B900E78653 /* SanFranciscoDisplay-Heavy.otf in Resources */,
				EBABAA6325E985B900E78653 /* SanFranciscoDisplay-Bold.otf in Resources */,
				EBABAA6125E985B900E78653 /* SanFranciscoDisplay-Regular.otf in Resources */,
				EBABAA5E25E985B900E78653 /* SanFranciscoDisplay-Italic.otf in Resources */,
				EB8E784325C19BAE00883DFD /* GoogleService-Info.plist in Resources */,
			);
			runOnlyForDeploymentPostprocessing = 0;
		};
/* End PBXResourcesBuildPhase section */

/* Begin PBXShellScriptBuildPhase section */
		9D85698D047F194E82F38F4E /* [CP] Check Pods Manifest.lock */ = {
			isa = PBXShellScriptBuildPhase;
			buildActionMask = 2147483647;
			files = (
			);
			inputFileListPaths = (
			);
			inputPaths = (
				"${PODS_PODFILE_DIR_PATH}/Podfile.lock",
				"${PODS_ROOT}/Manifest.lock",
			);
			name = "[CP] Check Pods Manifest.lock";
			outputFileListPaths = (
			);
			outputPaths = (
				"$(DERIVED_FILE_DIR)/Pods-Ticker-checkManifestLockResult.txt",
			);
			runOnlyForDeploymentPostprocessing = 0;
			shellPath = /bin/sh;
			shellScript = "diff \"${PODS_PODFILE_DIR_PATH}/Podfile.lock\" \"${PODS_ROOT}/Manifest.lock\" > /dev/null\nif [ $? != 0 ] ; then\n    # print error to STDERR\n    echo \"error: The sandbox is not in sync with the Podfile.lock. Run 'pod install' or update your CocoaPods installation.\" >&2\n    exit 1\nfi\n# This output is used by Xcode 'outputs' to avoid re-running this script phase.\necho \"SUCCESS\" > \"${SCRIPT_OUTPUT_FILE_0}\"\n";
			showEnvVarsInLog = 0;
		};
		C9EEDF52672A10D084FE4897 /* [CP] Embed Pods Frameworks */ = {
			isa = PBXShellScriptBuildPhase;
			buildActionMask = 2147483647;
			files = (
			);
			inputFileListPaths = (
				"${PODS_ROOT}/Target Support Files/Pods-Ticker/Pods-Ticker-frameworks-${CONFIGURATION}-input-files.xcfilelist",
			);
			name = "[CP] Embed Pods Frameworks";
			outputFileListPaths = (
				"${PODS_ROOT}/Target Support Files/Pods-Ticker/Pods-Ticker-frameworks-${CONFIGURATION}-output-files.xcfilelist",
			);
			runOnlyForDeploymentPostprocessing = 0;
			shellPath = /bin/sh;
			shellScript = "\"${PODS_ROOT}/Target Support Files/Pods-Ticker/Pods-Ticker-frameworks.sh\"\n";
			showEnvVarsInLog = 0;
		};
		EB8E785F25C19D0E00883DFD /* ShellScript */ = {
			isa = PBXShellScriptBuildPhase;
			buildActionMask = 2147483647;
			files = (
			);
			inputFileListPaths = (
			);
			inputPaths = (
				"$(SRCROOT)/$(BUILT_PRODUCTS_DIR)/$(INFOPLIST_PATH)",
			);
			outputFileListPaths = (
			);
			outputPaths = (
			);
			runOnlyForDeploymentPostprocessing = 0;
			shellPath = /bin/sh;
			shellScript = "\"${PODS_ROOT}/FirebaseCrashlytics/run\"\n";
		};
/* End PBXShellScriptBuildPhase section */

/* Begin PBXSourcesBuildPhase section */
		EB11C96925C191C6009E128C /* Sources */ = {
			isa = PBXSourcesBuildPhase;
			buildActionMask = 2147483647;
			files = (
				EBABAA3C25E94FA900E78653 /* APIManager.swift in Sources */,
				EB11C97525C191C6009E128C /* TabBarViewController.swift in Sources */,
				EBCF796125DD3D5100043559 /* SettingsRouter.swift in Sources */,
				EB8E783E25C19B2B00883DFD /* UIColor+Extensions.swift in Sources */,
				EB11C9A425C196C0009E128C /* HomeRouter.swift in Sources */,
				EBA337F425DD8A9500D12457 /* Article.swift in Sources */,
				EB11C97125C191C6009E128C /* AppDelegate.swift in Sources */,
				EB1E178D25FFD68D00BEA1FA /* ActionSheetAction.swift in Sources */,
				EBD849DC25DDA7FE0055805C /* UIView+Extensions.swift in Sources */,
				EBB830EF2676751A0071D971 /* SavedArticlesPresenter.swift in Sources */,
				EBA337FE25DD8C5A00D12457 /* HomeViewControllerArticleCell.swift in Sources */,
				EBB830F32676751A0071D971 /* SavedArticlesViewController.swift in Sources */,
				EBABAA4925E95CD100E78653 /* FirebaseConfigurator.swift in Sources */,
				EB1C452325FFE2A6005E86E0 /* PanModal+Extensions.swift in Sources */,
				EB11C9A625C196C0009E128C /* HomeViewController.swift in Sources */,
				EBABAA3925E94F9500E78653 /* APIManagerProtocol.swift in Sources */,
				EB1E179C25FFD9D100BEA1FA /* ActionSheetTitleHeaderView.swift in Sources */,
				EBCF795425DD32E400043559 /* UIWindow+Extensions.swift in Sources */,
				EBCF796425DD3D5100043559 /* SettingsInteractor.swift in Sources */,
				EBB830F42676751A0071D971 /* SavedArticlesInteractor.swift in Sources */,
				EBCF796025DD3D5100043559 /* SettingsWorker.swift in Sources */,
				EBABAA4C25E984C600E78653 /* UIFont+Extensions.swift in Sources */,
				EBA3380325DD964E00D12457 /* CALayer+Extensions.swift in Sources */,
				EBABAA4325E95BA900E78653 /* AppConfiguration.swift in Sources */,
				EBABAA3F25E9508200E78653 /* AlamofireDriver.swift in Sources */,
				EB11C97325C191C6009E128C /* SceneDelegate.swift in Sources */,
				EBABAA4625E95C4500E78653 /* APIManagerConfigurator.swift in Sources */,
				EBB830F22676751A0071D971 /* SavedArticlesModels.swift in Sources */,
				EBCCFA7F260273BC008572E3 /* SettingsTableViewCell.swift in Sources */,
				EB1C451F25FFE1FB005E86E0 /* ActionSheetController.swift in Sources */,
				EBB830F6267695EF0071D971 /* UserDefaults+Extensions.swift in Sources */,
				EB11C9A325C196C0009E128C /* HomeWorker.swift in Sources */,
				EB1C452625FFE5C0005E86E0 /* ActionSheetTitleDetailHeaderView.swift in Sources */,
				EB1E176225FFD30B00BEA1FA /* UIViewController+Extensions.swift in Sources */,
				EB11C9A725C196C0009E128C /* HomeInteractor.swift in Sources */,
				EB1E17A325FFE08300BEA1FA /* TMIconTitleButton.swift in Sources */,
				EB11C9A225C196C0009E128C /* HomePresenter.swift in Sources */,
				EB11C9A525C196C0009E128C /* HomeModels.swift in Sources */,
				EBCF796225DD3D5100043559 /* SettingsModels.swift in Sources */,
				EBB48CDB25EBEE2B0042CC6F /* UIImage+Extensions.swift in Sources */,
				EBB830F02676751A0071D971 /* SavedArticlesWorker.swift in Sources */,
				EBCF795F25DD3D5100043559 /* SettingsPresenter.swift in Sources */,
				EBCCFA82260275AA008572E3 /* SettingsTableViewHeader.swift in Sources */,
				EBB830F12676751A0071D971 /* SavedArticlesRouter.swift in Sources */,
				EBCF796325DD3D5100043559 /* SettingsViewController.swift in Sources */,
				EB1E179825FFD8C000BEA1FA /* ActionSheetHeader.swift in Sources */,
			);
			runOnlyForDeploymentPostprocessing = 0;
		};
/* End PBXSourcesBuildPhase section */

/* Begin PBXVariantGroup section */
		EB11C97B25C191C7009E128C /* LaunchScreen.storyboard */ = {
			isa = PBXVariantGroup;
			children = (
				EB11C97C25C191C7009E128C /* Base */,
			);
			name = LaunchScreen.storyboard;
			sourceTree = "<group>";
		};
/* End PBXVariantGroup section */

/* Begin XCBuildConfiguration section */
		EB11C97F25C191C7009E128C /* Debug */ = {
			isa = XCBuildConfiguration;
			buildSettings = {
				ALWAYS_SEARCH_USER_PATHS = NO;
				CLANG_ANALYZER_NONNULL = YES;
				CLANG_ANALYZER_NUMBER_OBJECT_CONVERSION = YES_AGGRESSIVE;
				CLANG_CXX_LANGUAGE_STANDARD = "gnu++14";
				CLANG_CXX_LIBRARY = "libc++";
				CLANG_ENABLE_MODULES = YES;
				CLANG_ENABLE_OBJC_ARC = YES;
				CLANG_ENABLE_OBJC_WEAK = YES;
				CLANG_WARN_BLOCK_CAPTURE_AUTORELEASING = YES;
				CLANG_WARN_BOOL_CONVERSION = YES;
				CLANG_WARN_COMMA = YES;
				CLANG_WARN_CONSTANT_CONVERSION = YES;
				CLANG_WARN_DEPRECATED_OBJC_IMPLEMENTATIONS = YES;
				CLANG_WARN_DIRECT_OBJC_ISA_USAGE = YES_ERROR;
				CLANG_WARN_DOCUMENTATION_COMMENTS = YES;
				CLANG_WARN_EMPTY_BODY = YES;
				CLANG_WARN_ENUM_CONVERSION = YES;
				CLANG_WARN_INFINITE_RECURSION = YES;
				CLANG_WARN_INT_CONVERSION = YES;
				CLANG_WARN_NON_LITERAL_NULL_CONVERSION = YES;
				CLANG_WARN_OBJC_IMPLICIT_RETAIN_SELF = YES;
				CLANG_WARN_OBJC_LITERAL_CONVERSION = YES;
				CLANG_WARN_OBJC_ROOT_CLASS = YES_ERROR;
				CLANG_WARN_QUOTED_INCLUDE_IN_FRAMEWORK_HEADER = YES;
				CLANG_WARN_RANGE_LOOP_ANALYSIS = YES;
				CLANG_WARN_STRICT_PROTOTYPES = YES;
				CLANG_WARN_SUSPICIOUS_MOVE = YES;
				CLANG_WARN_UNGUARDED_AVAILABILITY = YES_AGGRESSIVE;
				CLANG_WARN_UNREACHABLE_CODE = YES;
				CLANG_WARN__DUPLICATE_METHOD_MATCH = YES;
				COPY_PHASE_STRIP = NO;
				DEBUG_INFORMATION_FORMAT = dwarf;
				ENABLE_STRICT_OBJC_MSGSEND = YES;
				ENABLE_TESTABILITY = YES;
				GCC_C_LANGUAGE_STANDARD = gnu11;
				GCC_DYNAMIC_NO_PIC = NO;
				GCC_NO_COMMON_BLOCKS = YES;
				GCC_OPTIMIZATION_LEVEL = 0;
				GCC_PREPROCESSOR_DEFINITIONS = (
					"DEBUG=1",
					"$(inherited)",
				);
				GCC_WARN_64_TO_32_BIT_CONVERSION = YES;
				GCC_WARN_ABOUT_RETURN_TYPE = YES_ERROR;
				GCC_WARN_UNDECLARED_SELECTOR = YES;
				GCC_WARN_UNINITIALIZED_AUTOS = YES_AGGRESSIVE;
				GCC_WARN_UNUSED_FUNCTION = YES;
				GCC_WARN_UNUSED_VARIABLE = YES;
				IPHONEOS_DEPLOYMENT_TARGET = 14.3;
				MTL_ENABLE_DEBUG_INFO = INCLUDE_SOURCE;
				MTL_FAST_MATH = YES;
				ONLY_ACTIVE_ARCH = YES;
				SDKROOT = iphoneos;
				SWIFT_ACTIVE_COMPILATION_CONDITIONS = DEBUG;
				SWIFT_OPTIMIZATION_LEVEL = "-Onone";
			};
			name = Debug;
		};
		EB11C98025C191C7009E128C /* Release */ = {
			isa = XCBuildConfiguration;
			buildSettings = {
				ALWAYS_SEARCH_USER_PATHS = NO;
				CLANG_ANALYZER_NONNULL = YES;
				CLANG_ANALYZER_NUMBER_OBJECT_CONVERSION = YES_AGGRESSIVE;
				CLANG_CXX_LANGUAGE_STANDARD = "gnu++14";
				CLANG_CXX_LIBRARY = "libc++";
				CLANG_ENABLE_MODULES = YES;
				CLANG_ENABLE_OBJC_ARC = YES;
				CLANG_ENABLE_OBJC_WEAK = YES;
				CLANG_WARN_BLOCK_CAPTURE_AUTORELEASING = YES;
				CLANG_WARN_BOOL_CONVERSION = YES;
				CLANG_WARN_COMMA = YES;
				CLANG_WARN_CONSTANT_CONVERSION = YES;
				CLANG_WARN_DEPRECATED_OBJC_IMPLEMENTATIONS = YES;
				CLANG_WARN_DIRECT_OBJC_ISA_USAGE = YES_ERROR;
				CLANG_WARN_DOCUMENTATION_COMMENTS = YES;
				CLANG_WARN_EMPTY_BODY = YES;
				CLANG_WARN_ENUM_CONVERSION = YES;
				CLANG_WARN_INFINITE_RECURSION = YES;
				CLANG_WARN_INT_CONVERSION = YES;
				CLANG_WARN_NON_LITERAL_NULL_CONVERSION = YES;
				CLANG_WARN_OBJC_IMPLICIT_RETAIN_SELF = YES;
				CLANG_WARN_OBJC_LITERAL_CONVERSION = YES;
				CLANG_WARN_OBJC_ROOT_CLASS = YES_ERROR;
				CLANG_WARN_QUOTED_INCLUDE_IN_FRAMEWORK_HEADER = YES;
				CLANG_WARN_RANGE_LOOP_ANALYSIS = YES;
				CLANG_WARN_STRICT_PROTOTYPES = YES;
				CLANG_WARN_SUSPICIOUS_MOVE = YES;
				CLANG_WARN_UNGUARDED_AVAILABILITY = YES_AGGRESSIVE;
				CLANG_WARN_UNREACHABLE_CODE = YES;
				CLANG_WARN__DUPLICATE_METHOD_MATCH = YES;
				COPY_PHASE_STRIP = NO;
				DEBUG_INFORMATION_FORMAT = "dwarf-with-dsym";
				ENABLE_NS_ASSERTIONS = NO;
				ENABLE_STRICT_OBJC_MSGSEND = YES;
				GCC_C_LANGUAGE_STANDARD = gnu11;
				GCC_NO_COMMON_BLOCKS = YES;
				GCC_WARN_64_TO_32_BIT_CONVERSION = YES;
				GCC_WARN_ABOUT_RETURN_TYPE = YES_ERROR;
				GCC_WARN_UNDECLARED_SELECTOR = YES;
				GCC_WARN_UNINITIALIZED_AUTOS = YES_AGGRESSIVE;
				GCC_WARN_UNUSED_FUNCTION = YES;
				GCC_WARN_UNUSED_VARIABLE = YES;
				IPHONEOS_DEPLOYMENT_TARGET = 14.3;
				MTL_ENABLE_DEBUG_INFO = NO;
				MTL_FAST_MATH = YES;
				SDKROOT = iphoneos;
				SWIFT_COMPILATION_MODE = wholemodule;
				SWIFT_OPTIMIZATION_LEVEL = "-O";
				VALIDATE_PRODUCT = YES;
			};
			name = Release;
		};
		EB11C98225C191C7009E128C /* Debug */ = {
			isa = XCBuildConfiguration;
			baseConfigurationReference = 53089280BC1B6BF46AEC5F67 /* Pods-Ticker.debug.xcconfig */;
			buildSettings = {
				ASSETCATALOG_COMPILER_APPICON_NAME = AppIcon;
				ASSETCATALOG_COMPILER_GLOBAL_ACCENT_COLOR_NAME = AccentColor;
				CODE_SIGN_IDENTITY = "Apple Development";
				CODE_SIGN_STYLE = Automatic;
				DEBUG_INFORMATION_FORMAT = "dwarf-with-dsym";
				DEVELOPMENT_TEAM = 8688MZ76AF;
				INFOPLIST_FILE = Ticker/Info.plist;
				IPHONEOS_DEPLOYMENT_TARGET = 13.0;
				LD_RUNPATH_SEARCH_PATHS = (
					"$(inherited)",
					"@executable_path/Frameworks",
				);
				PRODUCT_BUNDLE_IDENTIFIER = "David-Hansson.Ticker";
				PRODUCT_NAME = "$(TARGET_NAME)";
				PROVISIONING_PROFILE_SPECIFIER = "";
				SWIFT_VERSION = 5.0;
				TARGETED_DEVICE_FAMILY = "1,2";
			};
			name = Debug;
		};
		EB11C98325C191C7009E128C /* Release */ = {
			isa = XCBuildConfiguration;
			baseConfigurationReference = 271A4E4A2A524327FF65F202 /* Pods-Ticker.release.xcconfig */;
			buildSettings = {
				ASSETCATALOG_COMPILER_APPICON_NAME = AppIcon;
				ASSETCATALOG_COMPILER_GLOBAL_ACCENT_COLOR_NAME = AccentColor;
				CODE_SIGN_IDENTITY = "Apple Development";
				CODE_SIGN_STYLE = Automatic;
				DEVELOPMENT_TEAM = 8688MZ76AF;
				INFOPLIST_FILE = Ticker/Info.plist;
				IPHONEOS_DEPLOYMENT_TARGET = 13.0;
				LD_RUNPATH_SEARCH_PATHS = (
					"$(inherited)",
					"@executable_path/Frameworks",
				);
				PRODUCT_BUNDLE_IDENTIFIER = "David-Hansson.Ticker";
				PRODUCT_NAME = "$(TARGET_NAME)";
				PROVISIONING_PROFILE_SPECIFIER = "";
				SWIFT_VERSION = 5.0;
				TARGETED_DEVICE_FAMILY = "1,2";
			};
			name = Release;
		};
/* End XCBuildConfiguration section */

/* Begin XCConfigurationList section */
		EB11C96825C191C6009E128C /* Build configuration list for PBXProject "Ticker" */ = {
			isa = XCConfigurationList;
			buildConfigurations = (
				EB11C97F25C191C7009E128C /* Debug */,
				EB11C98025C191C7009E128C /* Release */,
			);
			defaultConfigurationIsVisible = 0;
			defaultConfigurationName = Release;
		};
		EB11C98125C191C7009E128C /* Build configuration list for PBXNativeTarget "Ticker" */ = {
			isa = XCConfigurationList;
			buildConfigurations = (
				EB11C98225C191C7009E128C /* Debug */,
				EB11C98325C191C7009E128C /* Release */,
			);
			defaultConfigurationIsVisible = 0;
			defaultConfigurationName = Release;
		};
/* End XCConfigurationList section */
	};
	rootObject = EB11C96525C191C6009E128C /* Project object */;
}
